
Microsoft Visual Studio Solution File, Format Version 12.00
Project("{FAE04EC0-301F-11D3-BF4B-00C04F79EFBC}") = "FilmTV", "FilmTV\FilmTV.csproj", "{89DA78BA-524B-4894-90EA-7B130F77AE8A}"
EndProject
Project("{FAE04EC0-301F-11D3-BF4B-00C04F79EFBC}") = "TheMovieDatabase", "TheMovieDatabase\TheMovieDatabase.csproj", "{90048426-51A5-4373-9684-1CB1B99D6D24}"
EndProject
Global
	GlobalSection(SolutionConfigurationPlatforms) = preSolution
		Debug|Any CPU = Debug|Any CPU
		Release|Any CPU = Release|Any CPU
	EndGlobalSection
	GlobalSection(ProjectConfigurationPlatforms) = postSolution
		{89DA78BA-524B-4894-90EA-7B130F77AE8A}.Debug|Any CPU.ActiveCfg = Debug|Any CPU
		{89DA78BA-524B-4894-90EA-7B130F77AE8A}.Debug|Any CPU.Build.0 = Debug|Any CPU
		{89DA78BA-524B-4894-90EA-7B130F77AE8A}.Release|Any CPU.ActiveCfg = Release|Any CPU
		{89DA78BA-524B-4894-90EA-7B130F77AE8A}.Release|Any CPU.Build.0 = Release|Any CPU
		{90048426-51A5-4373-9684-1CB1B99D6D24}.Debug|Any CPU.ActiveCfg = Debug|Any CPU
		{90048426-51A5-4373-9684-1CB1B99D6D24}.Debug|Any CPU.Build.0 = Debug|Any CPU
		{90048426-51A5-4373-9684-1CB1B99D6D24}.Release|Any CPU.ActiveCfg = Release|Any CPU
		{90048426-51A5-4373-9684-1CB1B99D6D24}.Release|Any CPU.Build.0 = Release|Any CPU
	EndGlobalSection
EndGlobal
